// !$*UTF8*$!
{
	archiveVersion = 1;
	classes = {
	};
	objectVersion = 50;
	objects = {

/* Begin PBXBuildFile section */
		782128C5248AC83E00FF2307 /* ProjecaoRealista.swift in Sources */ = {isa = PBXBuildFile; fileRef = 782128C4248AC83E00FF2307 /* ProjecaoRealista.swift */; };
		78B01CE4248CAA6A009C08BB /* Class in Resources */ = {isa = PBXBuildFile; fileRef = 78B01CE3248CAA6A009C08BB /* Class */; };
		78B01CE8248CAF09009C08BB /* JurosViewController.swift in Sources */ = {isa = PBXBuildFile; fileRef = 78B01CE7248CAF09009C08BB /* JurosViewController.swift */; };
		78FFBD4B247F10420090F600 /* AppDelegate.swift in Sources */ = {isa = PBXBuildFile; fileRef = 78FFBD4A247F10420090F600 /* AppDelegate.swift */; };
		78FFBD4D247F10420090F600 /* SceneDelegate.swift in Sources */ = {isa = PBXBuildFile; fileRef = 78FFBD4C247F10420090F600 /* SceneDelegate.swift */; };
		78FFBD4F247F10420090F600 /* ViewController.swift in Sources */ = {isa = PBXBuildFile; fileRef = 78FFBD4E247F10420090F600 /* ViewController.swift */; };
		78FFBD52247F10420090F600 /* Main.storyboard in Resources */ = {isa = PBXBuildFile; fileRef = 78FFBD50247F10420090F600 /* Main.storyboard */; };
		78FFBD54247F10460090F600 /* Assets.xcassets in Resources */ = {isa = PBXBuildFile; fileRef = 78FFBD53247F10460090F600 /* Assets.xcassets */; };
		78FFBD57247F10460090F600 /* LaunchScreen.storyboard in Resources */ = {isa = PBXBuildFile; fileRef = 78FFBD55247F10460090F600 /* LaunchScreen.storyboard */; };
		FDBE1B9F2485838100B2FEF0 /* Home.storyboard in Resources */ = {isa = PBXBuildFile; fileRef = FDBE1B9E2485838100B2FEF0 /* Home.storyboard */; };
		FDBE1BA1248583A500B2FEF0 /* Realista.storyboard in Resources */ = {isa = PBXBuildFile; fileRef = FDBE1BA0248583A500B2FEF0 /* Realista.storyboard */; };
		FDBE1BA3248583C200B2FEF0 /* Juros.storyboard in Resources */ = {isa = PBXBuildFile; fileRef = FDBE1BA2248583C200B2FEF0 /* Juros.storyboard */; };
		FDBE1BA5248583EC00B2FEF0 /* Info.storyboard in Resources */ = {isa = PBXBuildFile; fileRef = FDBE1BA4248583EC00B2FEF0 /* Info.storyboard */; };
/* End PBXBuildFile section */

/* Begin PBXFileReference section */
		782128C4248AC83E00FF2307 /* ProjecaoRealista.swift */ = {isa = PBXFileReference; lastKnownFileType = sourcecode.swift; path = ProjecaoRealista.swift; sourceTree = "<group>"; };
		78B01CE3248CAA6A009C08BB /* Class */ = {isa = PBXFileReference; lastKnownFileType = folder; path = Class; sourceTree = "<group>"; };
		78B01CE7248CAF09009C08BB /* JurosViewController.swift */ = {isa = PBXFileReference; lastKnownFileType = sourcecode.swift; path = JurosViewController.swift; sourceTree = "<group>"; };
		78FFBD47247F10420090F600 /* GliaNovo.app */ = {isa = PBXFileReference; explicitFileType = wrapper.application; includeInIndex = 0; path = GliaNovo.app; sourceTree = BUILT_PRODUCTS_DIR; };
		78FFBD4A247F10420090F600 /* AppDelegate.swift */ = {isa = PBXFileReference; lastKnownFileType = sourcecode.swift; path = AppDelegate.swift; sourceTree = "<group>"; };
		78FFBD4C247F10420090F600 /* SceneDelegate.swift */ = {isa = PBXFileReference; lastKnownFileType = sourcecode.swift; path = SceneDelegate.swift; sourceTree = "<group>"; };
		78FFBD4E247F10420090F600 /* ViewController.swift */ = {isa = PBXFileReference; lastKnownFileType = sourcecode.swift; path = ViewController.swift; sourceTree = "<group>"; };
		78FFBD51247F10420090F600 /* Base */ = {isa = PBXFileReference; lastKnownFileType = file.storyboard; name = Base; path = Base.lproj/Main.storyboard; sourceTree = "<group>"; };
		78FFBD53247F10460090F600 /* Assets.xcassets */ = {isa = PBXFileReference; lastKnownFileType = folder.assetcatalog; path = Assets.xcassets; sourceTree = "<group>"; };
		78FFBD56247F10460090F600 /* Base */ = {isa = PBXFileReference; lastKnownFileType = file.storyboard; name = Base; path = Base.lproj/LaunchScreen.storyboard; sourceTree = "<group>"; };
		78FFBD58247F10460090F600 /* Info.plist */ = {isa = PBXFileReference; lastKnownFileType = text.plist.xml; path = Info.plist; sourceTree = "<group>"; };
		FDBE1B9E2485838100B2FEF0 /* Home.storyboard */ = {isa = PBXFileReference; lastKnownFileType = file.storyboard; path = Home.storyboard; sourceTree = "<group>"; };
		FDBE1BA0248583A500B2FEF0 /* Realista.storyboard */ = {isa = PBXFileReference; lastKnownFileType = file.storyboard; path = Realista.storyboard; sourceTree = "<group>"; };
		FDBE1BA2248583C200B2FEF0 /* Juros.storyboard */ = {isa = PBXFileReference; lastKnownFileType = file.storyboard; path = Juros.storyboard; sourceTree = "<group>"; };
		FDBE1BA4248583EC00B2FEF0 /* Info.storyboard */ = {isa = PBXFileReference; lastKnownFileType = file.storyboard; path = Info.storyboard; sourceTree = "<group>"; };
/* End PBXFileReference section */

/* Begin PBXFrameworksBuildPhase section */
		78FFBD44247F10420090F600 /* Frameworks */ = {
			isa = PBXFrameworksBuildPhase;
			buildActionMask = 2147483647;
			files = (
			);
			runOnlyForDeploymentPostprocessing = 0;
		};
/* End PBXFrameworksBuildPhase section */

/* Begin PBXGroup section */
		782128C3248AC82100FF2307 /* ProjecaoRealista */ = {
			isa = PBXGroup;
			children = (
				782128C4248AC83E00FF2307 /* ProjecaoRealista.swift */,
			);
			path = ProjecaoRealista;
			sourceTree = "<group>";
		};
		78B01CE5248CAA8A009C08BB /* ViewControllers */ = {
			isa = PBXGroup;
			children = (
				78B01CE7248CAF09009C08BB /* JurosViewController.swift */,
			);
			path = ViewControllers;
			sourceTree = "<group>";
		};
		78FFBD3E247F10420090F600 = {
			isa = PBXGroup;
			children = (
				78FFBD49247F10420090F600 /* GliaNovo */,
				78FFBD48247F10420090F600 /* Products */,
			);
			sourceTree = "<group>";
		};
		78FFBD48247F10420090F600 /* Products */ = {
			isa = PBXGroup;
			children = (
				78FFBD47247F10420090F600 /* GliaNovo.app */,
			);
			name = Products;
			sourceTree = "<group>";
		};
		78FFBD49247F10420090F600 /* GliaNovo */ = {
			isa = PBXGroup;
			children = (
				78B01CE5248CAA8A009C08BB /* ViewControllers */,
				78B01CE3248CAA6A009C08BB /* Class */,
				782128C3248AC82100FF2307 /* ProjecaoRealista */,
				78FFBD55247F10460090F600 /* LaunchScreen.storyboard */,
				78FFBD50247F10420090F600 /* Main.storyboard */,
				FDBE1B9E2485838100B2FEF0 /* Home.storyboard */,
				FDBE1BA0248583A500B2FEF0 /* Realista.storyboard */,
				FDBE1BA2248583C200B2FEF0 /* Juros.storyboard */,
				FDBE1BA4248583EC00B2FEF0 /* Info.storyboard */,
				78FFBD53247F10460090F600 /* Assets.xcassets */,
				78FFBD4A247F10420090F600 /* AppDelegate.swift */,
				78FFBD4C247F10420090F600 /* SceneDelegate.swift */,
				78FFBD4E247F10420090F600 /* ViewController.swift */,
				FDDF723A2486E76500B87138 /* New Group */,
				78FFBD58247F10460090F600 /* Info.plist */,
			);
			path = GliaNovo;
			sourceTree = "<group>";
		};
		FDDF723A2486E76500B87138 /* New Group */ = {
			isa = PBXGroup;
			children = (
			);
			path = "New Group";
			sourceTree = "<group>";
		};
/* End PBXGroup section */

/* Begin PBXNativeTarget section */
		78FFBD46247F10420090F600 /* GliaNovo */ = {
			isa = PBXNativeTarget;
			buildConfigurationList = 78FFBD5B247F10460090F600 /* Build configuration list for PBXNativeTarget "GliaNovo" */;
			buildPhases = (
				78FFBD43247F10420090F600 /* Sources */,
				78FFBD44247F10420090F600 /* Frameworks */,
				78FFBD45247F10420090F600 /* Resources */,
			);
			buildRules = (
			);
			dependencies = (
			);
			name = GliaNovo;
			productName = GliaNovo;
			productReference = 78FFBD47247F10420090F600 /* GliaNovo.app */;
			productType = "com.apple.product-type.application";
		};
/* End PBXNativeTarget section */

/* Begin PBXProject section */
		78FFBD3F247F10420090F600 /* Project object */ = {
			isa = PBXProject;
			attributes = {
				LastSwiftUpdateCheck = 1150;
				LastUpgradeCheck = 1150;
				ORGANIZATIONNAME = "Glauber Moreira";
				TargetAttributes = {
					78FFBD46247F10420090F600 = {
						CreatedOnToolsVersion = 11.5;
					};
				};
			};
			buildConfigurationList = 78FFBD42247F10420090F600 /* Build configuration list for PBXProject "GliaNovo" */;
			compatibilityVersion = "Xcode 9.3";
			developmentRegion = en;
			hasScannedForEncodings = 0;
			knownRegions = (
				en,
				Base,
			);
			mainGroup = 78FFBD3E247F10420090F600;
			productRefGroup = 78FFBD48247F10420090F600 /* Products */;
			projectDirPath = "";
			projectRoot = "";
			targets = (
				78FFBD46247F10420090F600 /* GliaNovo */,
			);
		};
/* End PBXProject section */

/* Begin PBXResourcesBuildPhase section */
		78FFBD45247F10420090F600 /* Resources */ = {
			isa = PBXResourcesBuildPhase;
			buildActionMask = 2147483647;
			files = (
				78FFBD57247F10460090F600 /* LaunchScreen.storyboard in Resources */,
				78FFBD54247F10460090F600 /* Assets.xcassets in Resources */,
				78FFBD52247F10420090F600 /* Main.storyboard in Resources */,
				78B01CE4248CAA6A009C08BB /* Class in Resources */,
				FDBE1BA1248583A500B2FEF0 /* Realista.storyboard in Resources */,
				FDBE1BA5248583EC00B2FEF0 /* Info.storyboard in Resources */,
				FDBE1BA3248583C200B2FEF0 /* Juros.storyboard in Resources */,
				FDBE1B9F2485838100B2FEF0 /* Home.storyboard in Resources */,
			);
			runOnlyForDeploymentPostprocessing = 0;
		};
/* End PBXResourcesBuildPhase section */

/* Begin PBXSourcesBuildPhase section */
		78FFBD43247F10420090F600 /* Sources */ = {
			isa = PBXSourcesBuildPhase;
			buildActionMask = 2147483647;
			files = (
				78FFBD4F247F10420090F600 /* ViewController.swift in Sources */,
				782128C5248AC83E00FF2307 /* ProjecaoRealista.swift in Sources */,
				78FFBD4B247F10420090F600 /* AppDelegate.swift in Sources */,
				78FFBD4D247F10420090F600 /* SceneDelegate.swift in Sources */,
				78B01CE8248CAF09009C08BB /* JurosViewController.swift in Sources */,
			);
			runOnlyForDeploymentPostprocessing = 0;
		};
/* End PBXSourcesBuildPhase section */

/* Begin PBXVariantGroup section */
		78FFBD50247F10420090F600 /* Main.storyboard */ = {
			isa = PBXVariantGroup;
			children = (
				78FFBD51247F10420090F600 /* Base */,
			);
			name = Main.storyboard;
			sourceTree = "<group>";
		};
		78FFBD55247F10460090F600 /* LaunchScreen.storyboard */ = {
			isa = PBXVariantGroup;
			children = (
				78FFBD56247F10460090F600 /* Base */,
			);
			name = LaunchScreen.storyboard;
			sourceTree = "<group>";
		};
/* End PBXVariantGroup section */

/* Begin XCBuildConfiguration section */
		78FFBD59247F10460090F600 /* Debug */ = {
			isa = XCBuildConfiguration;
			buildSettings = {
				ALWAYS_SEARCH_USER_PATHS = NO;
				CLANG_ANALYZER_NONNULL = YES;
				CLANG_ANALYZER_NUMBER_OBJECT_CONVERSION = YES_AGGRESSIVE;
				CLANG_CXX_LANGUAGE_STANDARD = "gnu++14";
				CLANG_CXX_LIBRARY = "libc++";
				CLANG_ENABLE_MODULES = YES;
				CLANG_ENABLE_OBJC_ARC = YES;
				CLANG_ENABLE_OBJC_WEAK = YES;
				CLANG_WARN_BLOCK_CAPTURE_AUTORELEASING = YES;
				CLANG_WARN_BOOL_CONVERSION = YES;
				CLANG_WARN_COMMA = YES;
				CLANG_WARN_CONSTANT_CONVERSION = YES;
				CLANG_WARN_DEPRECATED_OBJC_IMPLEMENTATIONS = YES;
				CLANG_WARN_DIRECT_OBJC_ISA_USAGE = YES_ERROR;
				CLANG_WARN_DOCUMENTATION_COMMENTS = YES;
				CLANG_WARN_EMPTY_BODY = YES;
				CLANG_WARN_ENUM_CONVERSION = YES;
				CLANG_WARN_INFINITE_RECURSION = YES;
				CLANG_WARN_INT_CONVERSION = YES;
				CLANG_WARN_NON_LITERAL_NULL_CONVERSION = YES;
				CLANG_WARN_OBJC_IMPLICIT_RETAIN_SELF = YES;
				CLANG_WARN_OBJC_LITERAL_CONVERSION = YES;
				CLANG_WARN_OBJC_ROOT_CLASS = YES_ERROR;
				CLANG_WARN_RANGE_LOOP_ANALYSIS = YES;
				CLANG_WARN_STRICT_PROTOTYPES = YES;
				CLANG_WARN_SUSPICIOUS_MOVE = YES;
				CLANG_WARN_UNGUARDED_AVAILABILITY = YES_AGGRESSIVE;
				CLANG_WARN_UNREACHABLE_CODE = YES;
				CLANG_WARN__DUPLICATE_METHOD_MATCH = YES;
				COPY_PHASE_STRIP = NO;
				DEBUG_INFORMATION_FORMAT = dwarf;
				ENABLE_STRICT_OBJC_MSGSEND = YES;
				ENABLE_TESTABILITY = YES;
				GCC_C_LANGUAGE_STANDARD = gnu11;
				GCC_DYNAMIC_NO_PIC = NO;
				GCC_NO_COMMON_BLOCKS = YES;
				GCC_OPTIMIZATION_LEVEL = 0;
				GCC_PREPROCESSOR_DEFINITIONS = (
					"DEBUG=1",
					"$(inherited)",
				);
				GCC_WARN_64_TO_32_BIT_CONVERSION = YES;
				GCC_WARN_ABOUT_RETURN_TYPE = YES_ERROR;
				GCC_WARN_UNDECLARED_SELECTOR = YES;
				GCC_WARN_UNINITIALIZED_AUTOS = YES_AGGRESSIVE;
				GCC_WARN_UNUSED_FUNCTION = YES;
				GCC_WARN_UNUSED_VARIABLE = YES;
				IPHONEOS_DEPLOYMENT_TARGET = 13.5;
				MTL_ENABLE_DEBUG_INFO = INCLUDE_SOURCE;
				MTL_FAST_MATH = YES;
				ONLY_ACTIVE_ARCH = YES;
				SDKROOT = iphoneos;
				SWIFT_ACTIVE_COMPILATION_CONDITIONS = DEBUG;
				SWIFT_OPTIMIZATION_LEVEL = "-Onone";
			};
			name = Debug;
		};
		78FFBD5A247F10460090F600 /* Release */ = {
			isa = XCBuildConfiguration;
			buildSettings = {
				ALWAYS_SEARCH_USER_PATHS = NO;
				CLANG_ANALYZER_NONNULL = YES;
				CLANG_ANALYZER_NUMBER_OBJECT_CONVERSION = YES_AGGRESSIVE;
				CLANG_CXX_LANGUAGE_STANDARD = "gnu++14";
				CLANG_CXX_LIBRARY = "libc++";
				CLANG_ENABLE_MODULES = YES;
				CLANG_ENABLE_OBJC_ARC = YES;
				CLANG_ENABLE_OBJC_WEAK = YES;
				CLANG_WARN_BLOCK_CAPTURE_AUTORELEASING = YES;
				CLANG_WARN_BOOL_CONVERSION = YES;
				CLANG_WARN_COMMA = YES;
				CLANG_WARN_CONSTANT_CONVERSION = YES;
				CLANG_WARN_DEPRECATED_OBJC_IMPLEMENTATIONS = YES;
				CLANG_WARN_DIRECT_OBJC_ISA_USAGE = YES_ERROR;
				CLANG_WARN_DOCUMENTATION_COMMENTS = YES;
				CLANG_WARN_EMPTY_BODY = YES;
				CLANG_WARN_ENUM_CONVERSION = YES;
				CLANG_WARN_INFINITE_RECURSION = YES;
				CLANG_WARN_INT_CONVERSION = YES;
				CLANG_WARN_NON_LITERAL_NULL_CONVERSION = YES;
				CLANG_WARN_OBJC_IMPLICIT_RETAIN_SELF = YES;
				CLANG_WARN_OBJC_LITERAL_CONVERSION = YES;
				CLANG_WARN_OBJC_ROOT_CLASS = YES_ERROR;
				CLANG_WARN_RANGE_LOOP_ANALYSIS = YES;
				CLANG_WARN_STRICT_PROTOTYPES = YES;
				CLANG_WARN_SUSPICIOUS_MOVE = YES;
				CLANG_WARN_UNGUARDED_AVAILABILITY = YES_AGGRESSIVE;
				CLANG_WARN_UNREACHABLE_CODE = YES;
				CLANG_WARN__DUPLICATE_METHOD_MATCH = YES;
				COPY_PHASE_STRIP = NO;
				DEBUG_INFORMATION_FORMAT = "dwarf-with-dsym";
				ENABLE_NS_ASSERTIONS = NO;
				ENABLE_STRICT_OBJC_MSGSEND = YES;
				GCC_C_LANGUAGE_STANDARD = gnu11;
				GCC_NO_COMMON_BLOCKS = YES;
				GCC_WARN_64_TO_32_BIT_CONVERSION = YES;
				GCC_WARN_ABOUT_RETURN_TYPE = YES_ERROR;
				GCC_WARN_UNDECLARED_SELECTOR = YES;
				GCC_WARN_UNINITIALIZED_AUTOS = YES_AGGRESSIVE;
				GCC_WARN_UNUSED_FUNCTION = YES;
				GCC_WARN_UNUSED_VARIABLE = YES;
				IPHONEOS_DEPLOYMENT_TARGET = 13.5;
				MTL_ENABLE_DEBUG_INFO = NO;
				MTL_FAST_MATH = YES;
				SDKROOT = iphoneos;
				SWIFT_COMPILATION_MODE = wholemodule;
				SWIFT_OPTIMIZATION_LEVEL = "-O";
				VALIDATE_PRODUCT = YES;
			};
			name = Release;
		};
		78FFBD5C247F10460090F600 /* Debug */ = {
			isa = XCBuildConfiguration;
			buildSettings = {
				ASSETCATALOG_COMPILER_APPICON_NAME = AppIcon;
				CODE_SIGN_IDENTITY = "Apple Development";
				CODE_SIGN_STYLE = Automatic;
				DEVELOPMENT_TEAM = GBTQ8KNSJV;
				INFOPLIST_FILE = GliaNovo/Info.plist;
				LD_RUNPATH_SEARCH_PATHS = (
					"$(inherited)",
					"@executable_path/Frameworks",
				);
				PRODUCT_BUNDLE_IDENTIFIER = br.com.glaubermoreira.GliaNovo;
				PRODUCT_NAME = "$(TARGET_NAME)";
				PROVISIONING_PROFILE_SPECIFIER = "";
				SWIFT_VERSION = 5.0;
				TARGETED_DEVICE_FAMILY = "1,2";
			};
			name = Debug;
		};
		78FFBD5D247F10460090F600 /* Release */ = {
			isa = XCBuildConfiguration;
			buildSettings = {
				ASSETCATALOG_COMPILER_APPICON_NAME = AppIcon;
				CODE_SIGN_IDENTITY = "Apple Development";
				CODE_SIGN_STYLE = Automatic;
				DEVELOPMENT_TEAM = GBTQ8KNSJV;
				INFOPLIST_FILE = GliaNovo/Info.plist;
				LD_RUNPATH_SEARCH_PATHS = (
					"$(inherited)",
					"@executable_path/Frameworks",
				);
				PRODUCT_BUNDLE_IDENTIFIER = br.com.glaubermoreira.GliaNovo;
				PRODUCT_NAME = "$(TARGET_NAME)";
				PROVISIONING_PROFILE_SPECIFIER = "";
				SWIFT_VERSION = 5.0;
				TARGETED_DEVICE_FAMILY = "1,2";
			};
			name = Release;
		};
/* End XCBuildConfiguration section */

/* Begin XCConfigurationList section */
		78FFBD42247F10420090F600 /* Build configuration list for PBXProject "GliaNovo" */ = {
			isa = XCConfigurationList;
			buildConfigurations = (
				78FFBD59247F10460090F600 /* Debug */,
				78FFBD5A247F10460090F600 /* Release */,
			);
			defaultConfigurationIsVisible = 0;
			defaultConfigurationName = Release;
		};
		78FFBD5B247F10460090F600 /* Build configuration list for PBXNativeTarget "GliaNovo" */ = {
			isa = XCConfigurationList;
			buildConfigurations = (
				78FFBD5C247F10460090F600 /* Debug */,
				78FFBD5D247F10460090F600 /* Release */,
			);
			defaultConfigurationIsVisible = 0;
			defaultConfigurationName = Release;
		};
/* End XCConfigurationList section */
	};
	rootObject = 78FFBD3F247F10420090F600 /* Project object */;
}
